
Microsoft Visual Studio Solution File, Format Version 12.00
# Visual Studio Version 16
VisualStudioVersion = 16.0.31727.386
MinimumVisualStudioVersion = 10.0.40219.1
Project("{FAE04EC0-301F-11D3-BF4B-00C04F79EFBC}") = "4.2 12", "4.2 12\4.2 12.csproj", "{146EEB7D-18E5-443E-8F14-23B95B13D456}"
EndProject
Global
	GlobalSection(SolutionConfigurationPlatforms) = preSolution
		Debug|Any CPU = Debug|Any CPU
		Release|Any CPU = Release|Any CPU
	EndGlobalSection
	GlobalSection(ProjectConfigurationPlatforms) = postSolution
		{146EEB7D-18E5-443E-8F14-23B95B13D456}.Debug|Any CPU.ActiveCfg = Debug|Any CPU
		{146EEB7D-18E5-443E-8F14-23B95B13D456}.Debug|Any CPU.Build.0 = Debug|Any CPU
		{146EEB7D-18E5-443E-8F14-23B95B13D456}.Release|Any CPU.ActiveCfg = Release|Any CPU
		{146EEB7D-18E5-443E-8F14-23B95B13D456}.Release|Any CPU.Build.0 = Release|Any CPU
	EndGlobalSection
	GlobalSection(SolutionProperties) = preSolution
		HideSolutionNode = FALSE
	EndGlobalSection
	GlobalSection(ExtensibilityGlobals) = postSolution
		SolutionGuid = {8FDDBD2E-3D8F-40A3-99EB-32A73410B323}
	EndGlobalSection
EndGlobal
